
Microsoft Visual Studio Solution File, Format Version 12.00
# Visual Studio Version 17
VisualStudioVersion = 17.0.31912.275
MinimumVisualStudioVersion = 10.0.40219.1
Project("{9A19103F-16F7-4668-BE54-9A1E7A4F7556}") = "EventStore", "EventStore\EventStore.csproj", "{A61AE282-2543-4BD2-96BF-FED10A8B6BB6}"
EndProject
Project("{9A19103F-16F7-4668-BE54-9A1E7A4F7556}") = "Projections", "Projections\Projections.csproj", "{BCA8CECC-F05A-4C9B-AFAE-C0172A0B8417}"
EndProject
Project("{9A19103F-16F7-4668-BE54-9A1E7A4F7556}") = "Demo", "Demo\Demo.csproj", "{9FF25276-FE23-4EB3-A8CD-39D0732F5498}"
EndProject
Global
	GlobalSection(SolutionConfigurationPlatforms) = preSolution
		Debug|Any CPU = Debug|Any CPU
		Release|Any CPU = Release|Any CPU
	EndGlobalSection
	GlobalSection(ProjectConfigurationPlatforms) = postSolution
		{A61AE282-2543-4BD2-96BF-FED10A8B6BB6}.Debug|Any CPU.ActiveCfg = Debug|Any CPU
		{A61AE282-2543-4BD2-96BF-FED10A8B6BB6}.Debug|Any CPU.Build.0 = Debug|Any CPU
		{A61AE282-2543-4BD2-96BF-FED10A8B6BB6}.Release|Any CPU.ActiveCfg = Release|Any CPU
		{A61AE282-2543-4BD2-96BF-FED10A8B6BB6}.Release|Any CPU.Build.0 = Release|Any CPU
		{BCA8CECC-F05A-4C9B-AFAE-C0172A0B8417}.Debug|Any CPU.ActiveCfg = Debug|Any CPU
		{BCA8CECC-F05A-4C9B-AFAE-C0172A0B8417}.Debug|Any CPU.Build.0 = Debug|Any CPU
		{BCA8CECC-F05A-4C9B-AFAE-C0172A0B8417}.Release|Any CPU.ActiveCfg = Release|Any CPU
		{BCA8CECC-F05A-4C9B-AFAE-C0172A0B8417}.Release|Any CPU.Build.0 = Release|Any CPU
		{9FF25276-FE23-4EB3-A8CD-39D0732F5498}.Debug|Any CPU.ActiveCfg = Debug|Any CPU
		{9FF25276-FE23-4EB3-A8CD-39D0732F5498}.Debug|Any CPU.Build.0 = Debug|Any CPU
		{9FF25276-FE23-4EB3-A8CD-39D0732F5498}.Release|Any CPU.ActiveCfg = Release|Any CPU
		{9FF25276-FE23-4EB3-A8CD-39D0732F5498}.Release|Any CPU.Build.0 = Release|Any CPU
	EndGlobalSection
	GlobalSection(SolutionProperties) = preSolution
		HideSolutionNode = FALSE
	EndGlobalSection
	GlobalSection(ExtensibilityGlobals) = postSolution
		SolutionGuid = {4CE46D57-D902-453F-976A-02B27B50B1A4}
	EndGlobalSection
EndGlobal
